
Microsoft Visual Studio Solution File, Format Version 12.00
# Visual Studio Version 17
VisualStudioVersion = 17.12.35527.113 d17.12
MinimumVisualStudioVersion = 10.0.40219.1
Project("{FAE04EC0-301F-11D3-BF4B-00C04F79EFBC}") = "Mini_hw1", "Mini_hw1\Mini_hw1.csproj", "{EDFC8248-F50E-40F5-B203-A1F2EF4E4930}"
EndProject
Global
	GlobalSection(SolutionConfigurationPlatforms) = preSolution
		Debug|Any CPU = Debug|Any CPU
		Release|Any CPU = Release|Any CPU
	EndGlobalSection
	GlobalSection(ProjectConfigurationPlatforms) = postSolution
		{EDFC8248-F50E-40F5-B203-A1F2EF4E4930}.Debug|Any CPU.ActiveCfg = Debug|Any CPU
		{EDFC8248-F50E-40F5-B203-A1F2EF4E4930}.Debug|Any CPU.Build.0 = Debug|Any CPU
		{EDFC8248-F50E-40F5-B203-A1F2EF4E4930}.Release|Any CPU.ActiveCfg = Release|Any CPU
		{EDFC8248-F50E-40F5-B203-A1F2EF4E4930}.Release|Any CPU.Build.0 = Release|Any CPU
	EndGlobalSection
	GlobalSection(SolutionProperties) = preSolution
		HideSolutionNode = FALSE
	EndGlobalSection
EndGlobal
